
Microsoft Visual Studio Solution File, Format Version 12.00
# Visual Studio Version 17
VisualStudioVersion = 17.3.32922.545
MinimumVisualStudioVersion = 10.0.40219.1
Project("{FAE04EC0-301F-11D3-BF4B-00C04F79EFBC}") = "LAB04", "LAB04.csproj", "{1762286D-1CB4-4E93-B3F3-348EB4697010}"
EndProject
Global
	GlobalSection(SolutionConfigurationPlatforms) = preSolution
		Debug|Any CPU = Debug|Any CPU
		Release|Any CPU = Release|Any CPU
	EndGlobalSection
	GlobalSection(ProjectConfigurationPlatforms) = postSolution
		{1762286D-1CB4-4E93-B3F3-348EB4697010}.Debug|Any CPU.ActiveCfg = Debug|Any CPU
		{1762286D-1CB4-4E93-B3F3-348EB4697010}.Debug|Any CPU.Build.0 = Debug|Any CPU
		{1762286D-1CB4-4E93-B3F3-348EB4697010}.Release|Any CPU.ActiveCfg = Release|Any CPU
		{1762286D-1CB4-4E93-B3F3-348EB4697010}.Release|Any CPU.Build.0 = Release|Any CPU
	EndGlobalSection
	GlobalSection(SolutionProperties) = preSolution
		HideSolutionNode = FALSE
	EndGlobalSection
	GlobalSection(ExtensibilityGlobals) = postSolution
		SolutionGuid = {A982490E-9950-4829-85D6-F1E9D8AA1ED2}
	EndGlobalSection
EndGlobal
