
Microsoft Visual Studio Solution File, Format Version 12.00
# Visual Studio Version 17
VisualStudioVersion = 17.3.32929.385
MinimumVisualStudioVersion = 10.0.40219.1
Project("{FAE04EC0-301F-11D3-BF4B-00C04F79EFBC}") = "Lab_17-18_OOP", "Lab_17-18_OOP\Lab_17-18_OOP.csproj", "{F1FDA6AE-1621-426F-9090-4DAFA703D996}"
EndProject
Global
	GlobalSection(SolutionConfigurationPlatforms) = preSolution
		Debug|Any CPU = Debug|Any CPU
		Release|Any CPU = Release|Any CPU
	EndGlobalSection
	GlobalSection(ProjectConfigurationPlatforms) = postSolution
		{F1FDA6AE-1621-426F-9090-4DAFA703D996}.Debug|Any CPU.ActiveCfg = Debug|Any CPU
		{F1FDA6AE-1621-426F-9090-4DAFA703D996}.Debug|Any CPU.Build.0 = Debug|Any CPU
		{F1FDA6AE-1621-426F-9090-4DAFA703D996}.Release|Any CPU.ActiveCfg = Release|Any CPU
		{F1FDA6AE-1621-426F-9090-4DAFA703D996}.Release|Any CPU.Build.0 = Release|Any CPU
	EndGlobalSection
	GlobalSection(SolutionProperties) = preSolution
		HideSolutionNode = FALSE
	EndGlobalSection
	GlobalSection(ExtensibilityGlobals) = postSolution
		SolutionGuid = {2638C26E-5143-4827-B394-F9AD9EBA3028}
	EndGlobalSection
EndGlobal
