
Microsoft Visual Studio Solution File, Format Version 12.00
# Visual Studio Version 17
VisualStudioVersion = 17.3.32922.545
MinimumVisualStudioVersion = 10.0.40219.1
Project("{FAE04EC0-301F-11D3-BF4B-00C04F79EFBC}") = "LAB03", "LAB03.csproj", "{EF04F9CF-1027-4806-B4A0-171D6DB9883E}"
EndProject
Global
	GlobalSection(SolutionConfigurationPlatforms) = preSolution
		Debug|Any CPU = Debug|Any CPU
		Release|Any CPU = Release|Any CPU
	EndGlobalSection
	GlobalSection(ProjectConfigurationPlatforms) = postSolution
		{EF04F9CF-1027-4806-B4A0-171D6DB9883E}.Debug|Any CPU.ActiveCfg = Debug|Any CPU
		{EF04F9CF-1027-4806-B4A0-171D6DB9883E}.Debug|Any CPU.Build.0 = Debug|Any CPU
		{EF04F9CF-1027-4806-B4A0-171D6DB9883E}.Release|Any CPU.ActiveCfg = Release|Any CPU
		{EF04F9CF-1027-4806-B4A0-171D6DB9883E}.Release|Any CPU.Build.0 = Release|Any CPU
	EndGlobalSection
	GlobalSection(SolutionProperties) = preSolution
		HideSolutionNode = FALSE
	EndGlobalSection
	GlobalSection(ExtensibilityGlobals) = postSolution
		SolutionGuid = {EC388CD9-2F9E-4AD3-A30E-82E1F3049558}
	EndGlobalSection
EndGlobal
